
Microsoft Visual Studio Solution File, Format Version 12.00
# Visual Studio Version 16
VisualStudioVersion = 16.0.31313.79
MinimumVisualStudioVersion = 10.0.40219.1
Project("{FAE04EC0-301F-11D3-BF4B-00C04F79EFBC}") = "PRACITCE3", "PRACITCE3\PRACITCE3.csproj", "{B56D8A87-4548-48F5-B6EF-D953B0B49293}"
EndProject
Global
	GlobalSection(SolutionConfigurationPlatforms) = preSolution
		Debug|Any CPU = Debug|Any CPU
		Release|Any CPU = Release|Any CPU
	EndGlobalSection
	GlobalSection(ProjectConfigurationPlatforms) = postSolution
		{B56D8A87-4548-48F5-B6EF-D953B0B49293}.Debug|Any CPU.ActiveCfg = Debug|Any CPU
		{B56D8A87-4548-48F5-B6EF-D953B0B49293}.Debug|Any CPU.Build.0 = Debug|Any CPU
		{B56D8A87-4548-48F5-B6EF-D953B0B49293}.Release|Any CPU.ActiveCfg = Release|Any CPU
		{B56D8A87-4548-48F5-B6EF-D953B0B49293}.Release|Any CPU.Build.0 = Release|Any CPU
	EndGlobalSection
	GlobalSection(SolutionProperties) = preSolution
		HideSolutionNode = FALSE
	EndGlobalSection
	GlobalSection(ExtensibilityGlobals) = postSolution
		SolutionGuid = {8BBD49A2-32B8-48F6-9A9B-56BEC137CECF}
	EndGlobalSection
EndGlobal
